// !$*UTF8*$!
{
	archiveVersion = 1;
	classes = {
	};
	objectVersion = 46;
	objects = {

/* Begin PBXBuildFile section */
		0FBE5C331F52BDF9000D1A4B /* AppDelegate.swift in Sources */ = {isa = PBXBuildFile; fileRef = 0FBE5C321F52BDF9000D1A4B /* AppDelegate.swift */; };
		0FBE5C3A1F52BDF9000D1A4B /* Assets.xcassets in Resources */ = {isa = PBXBuildFile; fileRef = 0FBE5C391F52BDF9000D1A4B /* Assets.xcassets */; };
		0FBE5C3D1F52BDF9000D1A4B /* LaunchScreen.storyboard in Resources */ = {isa = PBXBuildFile; fileRef = 0FBE5C3B1F52BDF9000D1A4B /* LaunchScreen.storyboard */; };
		0FBE5C481F52BDF9000D1A4B /* StyleGuideTests.swift in Sources */ = {isa = PBXBuildFile; fileRef = 0FBE5C471F52BDF9000D1A4B /* StyleGuideTests.swift */; };
		0FBE5C531F52BDF9000D1A4B /* StyleGuideUITests.swift in Sources */ = {isa = PBXBuildFile; fileRef = 0FBE5C521F52BDF9000D1A4B /* StyleGuideUITests.swift */; };
		0FBE5C611F52C118000D1A4B /* glockenspiel.ttf in Resources */ = {isa = PBXBuildFile; fileRef = 0FBE5C601F52C118000D1A4B /* glockenspiel.ttf */; };
		0FBE5C631F52C131000D1A4B /* Main.storyboard in Resources */ = {isa = PBXBuildFile; fileRef = 0FBE5C621F52C131000D1A4B /* Main.storyboard */; };
		0FBE5C651F52C148000D1A4B /* ViewController.swift in Sources */ = {isa = PBXBuildFile; fileRef = 0FBE5C641F52C148000D1A4B /* ViewController.swift */; };
		0FBE5C7D1F52C39E000D1A4B /* FontAwesome.swift in Sources */ = {isa = PBXBuildFile; fileRef = 0FBE5C691F52C39E000D1A4B /* FontAwesome.swift */; };
		0FBE5C7E1F52C39E000D1A4B /* FontAwesome.ttf in Resources */ = {isa = PBXBuildFile; fileRef = 0FBE5C6A1F52C39E000D1A4B /* FontAwesome.ttf */; };
		0FBE5C7F1F52C39E000D1A4B /* FontLoader.swift in Sources */ = {isa = PBXBuildFile; fileRef = 0FBE5C6B1F52C39E000D1A4B /* FontLoader.swift */; };
		0FBE5C801F52C39E000D1A4B /* Iconic.swift in Sources */ = {isa = PBXBuildFile; fileRef = 0FBE5C6C1F52C39E000D1A4B /* Iconic.swift */; };
		0FBE5C811F52C39E000D1A4B /* IonIcons.swift in Sources */ = {isa = PBXBuildFile; fileRef = 0FBE5C6D1F52C39E000D1A4B /* IonIcons.swift */; };
		0FBE5C821F52C39E000D1A4B /* Ionicons.ttf in Resources */ = {isa = PBXBuildFile; fileRef = 0FBE5C6E1F52C39E000D1A4B /* Ionicons.ttf */; };
		0FBE5C831F52C39E000D1A4B /* LGButton.swift in Sources */ = {isa = PBXBuildFile; fileRef = 0FBE5C6F1F52C39E000D1A4B /* LGButton.swift */; };
		0FBE5C841F52C39E000D1A4B /* LGButton.xib in Resources */ = {isa = PBXBuildFile; fileRef = 0FBE5C701F52C39E000D1A4B /* LGButton.xib */; };
		0FBE5C851F52C39E000D1A4B /* LICENSE.md in Sources */ = {isa = PBXBuildFile; fileRef = 0FBE5C711F52C39E000D1A4B /* LICENSE.md */; };
		0FBE5C861F52C39E000D1A4B /* map-icons.ttf in Resources */ = {isa = PBXBuildFile; fileRef = 0FBE5C721F52C39E000D1A4B /* map-icons.ttf */; };
		0FBE5C871F52C39E000D1A4B /* MapIcon.swift in Sources */ = {isa = PBXBuildFile; fileRef = 0FBE5C731F52C39E000D1A4B /* MapIcon.swift */; };
		0FBE5C881F52C39E000D1A4B /* MaterialIcon.swift in Sources */ = {isa = PBXBuildFile; fileRef = 0FBE5C741F52C39E000D1A4B /* MaterialIcon.swift */; };
		0FBE5C891F52C39E000D1A4B /* MaterialIcons-Regular.ttf in Resources */ = {isa = PBXBuildFile; fileRef = 0FBE5C751F52C39E000D1A4B /* MaterialIcons-Regular.ttf */; };
		0FBE5C8A1F52C39E000D1A4B /* Octicon.swift in Sources */ = {isa = PBXBuildFile; fileRef = 0FBE5C761F52C39E000D1A4B /* Octicon.swift */; };
		0FBE5C8B1F52C39E000D1A4B /* octicons.ttf in Resources */ = {isa = PBXBuildFile; fileRef = 0FBE5C771F52C39E000D1A4B /* octicons.ttf */; };
		0FBE5C8C1F52C39E000D1A4B /* open-iconic.ttf in Resources */ = {isa = PBXBuildFile; fileRef = 0FBE5C781F52C39E000D1A4B /* open-iconic.ttf */; };
		0FBE5C8D1F52C39E000D1A4B /* SwiftIconFont.swift in Sources */ = {isa = PBXBuildFile; fileRef = 0FBE5C791F52C39E000D1A4B /* SwiftIconFont.swift */; };
		0FBE5C8E1F52C39E000D1A4B /* SwiftIconLabel.swift in Sources */ = {isa = PBXBuildFile; fileRef = 0FBE5C7A1F52C39E000D1A4B /* SwiftIconLabel.swift */; };
		0FBE5C8F1F52C39E000D1A4B /* themify.ttf in Resources */ = {isa = PBXBuildFile; fileRef = 0FBE5C7B1F52C39E000D1A4B /* themify.ttf */; };
		0FBE5C901F52C39E000D1A4B /* ThemifyIcon.swift in Sources */ = {isa = PBXBuildFile; fileRef = 0FBE5C7C1F52C39E000D1A4B /* ThemifyIcon.swift */; };
		0FBE5C981F52C3B5000D1A4B /* BouncyPlaceholderTextField.swift in Sources */ = {isa = PBXBuildFile; fileRef = 0FBE5C911F52C3B5000D1A4B /* BouncyPlaceholderTextField.swift */; };
		0FBE5C991F52C3B5000D1A4B /* DesignableLabel.swift in Sources */ = {isa = PBXBuildFile; fileRef = 0FBE5C921F52C3B5000D1A4B /* DesignableLabel.swift */; };
		0FBE5C9A1F52C3B5000D1A4B /* DesignablePartialView.swift in Sources */ = {isa = PBXBuildFile; fileRef = 0FBE5C931F52C3B5000D1A4B /* DesignablePartialView.swift */; };
		0FBE5C9B1F52C3B5000D1A4B /* DesignableTextView.swift in Sources */ = {isa = PBXBuildFile; fileRef = 0FBE5C941F52C3B5000D1A4B /* DesignableTextView.swift */; };
		0FBE5C9C1F52C3B5000D1A4B /* DesignableView.swift in Sources */ = {isa = PBXBuildFile; fileRef = 0FBE5C951F52C3B5000D1A4B /* DesignableView.swift */; };
		0FBE5C9D1F52C3B5000D1A4B /* FloatingLabelTextField.swift in Sources */ = {isa = PBXBuildFile; fileRef = 0FBE5C961F52C3B5000D1A4B /* FloatingLabelTextField.swift */; };
		0FBE5C9E1F52C3B5000D1A4B /* StyleGuideHelper.swift in Sources */ = {isa = PBXBuildFile; fileRef = 0FBE5C971F52C3B5000D1A4B /* StyleGuideHelper.swift */; };
		0FBE5CA01F52C3CD000D1A4B /* UIColor+Utils.swift in Sources */ = {isa = PBXBuildFile; fileRef = 0FBE5C9F1F52C3CD000D1A4B /* UIColor+Utils.swift */; };
		0FBE5CBA1F52C4A8000D1A4B /* BaseButton.swift in Sources */ = {isa = PBXBuildFile; fileRef = 0FBE5CB81F52C4A8000D1A4B /* BaseButton.swift */; };
		0FBE5CBB1F52C4A8000D1A4B /* NormalButton.swift in Sources */ = {isa = PBXBuildFile; fileRef = 0FBE5CB91F52C4A8000D1A4B /* NormalButton.swift */; };
		0FBE5CBF1F52C4C0000D1A4B /* BaseLabel.swift in Sources */ = {isa = PBXBuildFile; fileRef = 0FBE5CBC1F52C4C0000D1A4B /* BaseLabel.swift */; };
		0FBE5CC01F52C4C0000D1A4B /* NormalLabel.swift in Sources */ = {isa = PBXBuildFile; fileRef = 0FBE5CBD1F52C4C0000D1A4B /* NormalLabel.swift */; };
		0FBE5CC11F52C4C0000D1A4B /* PriceLabel.swift in Sources */ = {isa = PBXBuildFile; fileRef = 0FBE5CBE1F52C4C0000D1A4B /* PriceLabel.swift */; };
		0FBE5CC41F52C4D3000D1A4B /* BaseTextField.swift in Sources */ = {isa = PBXBuildFile; fileRef = 0FBE5CC21F52C4D3000D1A4B /* BaseTextField.swift */; };
		0FBE5CC51F52C4D3000D1A4B /* NormalTextField.swift in Sources */ = {isa = PBXBuildFile; fileRef = 0FBE5CC31F52C4D3000D1A4B /* NormalTextField.swift */; };
		0FBE5CC81F52C4EC000D1A4B /* BaseTextView.swift in Sources */ = {isa = PBXBuildFile; fileRef = 0FBE5CC61F52C4EC000D1A4B /* BaseTextView.swift */; };
		0FBE5CC91F52C4EC000D1A4B /* NormalTextView.swift in Sources */ = {isa = PBXBuildFile; fileRef = 0FBE5CC71F52C4EC000D1A4B /* NormalTextView.swift */; };
		0FBE5CDA1F52C574000D1A4B /* DemoColorView1.swift in Sources */ = {isa = PBXBuildFile; fileRef = 0FBE5CCC1F52C574000D1A4B /* DemoColorView1.swift */; };
		0FBE5CDB1F52C574000D1A4B /* DemoColorView2.swift in Sources */ = {isa = PBXBuildFile; fileRef = 0FBE5CCD1F52C574000D1A4B /* DemoColorView2.swift */; };
		0FBE5CDC1F52C574000D1A4B /* DemoColorView3.swift in Sources */ = {isa = PBXBuildFile; fileRef = 0FBE5CCE1F52C574000D1A4B /* DemoColorView3.swift */; };
		0FBE5CDD1F52C574000D1A4B /* DemoColorView4.swift in Sources */ = {isa = PBXBuildFile; fileRef = 0FBE5CCF1F52C574000D1A4B /* DemoColorView4.swift */; };
		0FBE5CDE1F52C574000D1A4B /* DemoColorView5.swift in Sources */ = {isa = PBXBuildFile; fileRef = 0FBE5CD01F52C574000D1A4B /* DemoColorView5.swift */; };
		0FBE5CDF1F52C574000D1A4B /* DemoColorView6.swift in Sources */ = {isa = PBXBuildFile; fileRef = 0FBE5CD11F52C574000D1A4B /* DemoColorView6.swift */; };
		0FBE5CE01F52C574000D1A4B /* DemoColorView7.swift in Sources */ = {isa = PBXBuildFile; fileRef = 0FBE5CD21F52C574000D1A4B /* DemoColorView7.swift */; };
		0FBE5CE11F52C574000D1A4B /* DemoColorView8.swift in Sources */ = {isa = PBXBuildFile; fileRef = 0FBE5CD31F52C574000D1A4B /* DemoColorView8.swift */; };
		0FBE5CE21F52C574000D1A4B /* DemoColorView9.swift in Sources */ = {isa = PBXBuildFile; fileRef = 0FBE5CD41F52C574000D1A4B /* DemoColorView9.swift */; };
		0FBE5CE31F52C574000D1A4B /* DemoColorView10.swift in Sources */ = {isa = PBXBuildFile; fileRef = 0FBE5CD51F52C574000D1A4B /* DemoColorView10.swift */; };
		0FBE5CE41F52C574000D1A4B /* DemoColorView11.swift in Sources */ = {isa = PBXBuildFile; fileRef = 0FBE5CD61F52C574000D1A4B /* DemoColorView11.swift */; };
		0FBE5CE51F52C574000D1A4B /* DemoColorView12.swift in Sources */ = {isa = PBXBuildFile; fileRef = 0FBE5CD71F52C574000D1A4B /* DemoColorView12.swift */; };
		0FBE5CE61F52C574000D1A4B /* DemoColorView13.swift in Sources */ = {isa = PBXBuildFile; fileRef = 0FBE5CD81F52C574000D1A4B /* DemoColorView13.swift */; };
		0FBE5CE71F52C574000D1A4B /* DemoColorView14.swift in Sources */ = {isa = PBXBuildFile; fileRef = 0FBE5CD91F52C574000D1A4B /* DemoColorView14.swift */; };
		0FBE5CE91F52C591000D1A4B /* StyleGuide.storyboard in Resources */ = {isa = PBXBuildFile; fileRef = 0FBE5CE81F52C591000D1A4B /* StyleGuide.storyboard */; };
		0FBE5CEB1F52C635000D1A4B /* GlobalStyles.swift in Sources */ = {isa = PBXBuildFile; fileRef = 0FBE5CEA1F52C635000D1A4B /* GlobalStyles.swift */; };
		3126B5464ED66D82D0B2308F /* Pods_StyleGuide.framework in Frameworks */ = {isa = PBXBuildFile; fileRef = 347E9EF4699C13D66E43A15D /* Pods_StyleGuide.framework */; };
		8D57DCFEFA162460163049A1 /* Pods_StyleGuideTests.framework in Frameworks */ = {isa = PBXBuildFile; fileRef = 619EFC950BBE0A121D565264 /* Pods_StyleGuideTests.framework */; };
		8EF42C4DCE3352DEA981CDA0 /* Pods_StyleGuideUITests.framework in Frameworks */ = {isa = PBXBuildFile; fileRef = 09A2520E920437BD7356124D /* Pods_StyleGuideUITests.framework */; };
/* End PBXBuildFile section */

/* Begin PBXContainerItemProxy section */
		0FBE5C441F52BDF9000D1A4B /* PBXContainerItemProxy */ = {
			isa = PBXContainerItemProxy;
			containerPortal = 0FBE5C271F52BDF9000D1A4B /* Project object */;
			proxyType = 1;
			remoteGlobalIDString = 0FBE5C2E1F52BDF9000D1A4B;
			remoteInfo = StyleGuide;
		};
		0FBE5C4F1F52BDF9000D1A4B /* PBXContainerItemProxy */ = {
			isa = PBXContainerItemProxy;
			containerPortal = 0FBE5C271F52BDF9000D1A4B /* Project object */;
			proxyType = 1;
			remoteGlobalIDString = 0FBE5C2E1F52BDF9000D1A4B;
			remoteInfo = StyleGuide;
		};
/* End PBXContainerItemProxy section */

/* Begin PBXFileReference section */
		09A2520E920437BD7356124D /* Pods_StyleGuideUITests.framework */ = {isa = PBXFileReference; explicitFileType = wrapper.framework; includeInIndex = 0; path = Pods_StyleGuideUITests.framework; sourceTree = BUILT_PRODUCTS_DIR; };
		0FBE5C2F1F52BDF9000D1A4B /* StyleGuide.app */ = {isa = PBXFileReference; explicitFileType = wrapper.application; includeInIndex = 0; path = StyleGuide.app; sourceTree = BUILT_PRODUCTS_DIR; };
		0FBE5C321F52BDF9000D1A4B /* AppDelegate.swift */ = {isa = PBXFileReference; lastKnownFileType = sourcecode.swift; path = AppDelegate.swift; sourceTree = "<group>"; };
		0FBE5C391F52BDF9000D1A4B /* Assets.xcassets */ = {isa = PBXFileReference; lastKnownFileType = folder.assetcatalog; path = Assets.xcassets; sourceTree = "<group>"; };
		0FBE5C3C1F52BDF9000D1A4B /* Base */ = {isa = PBXFileReference; lastKnownFileType = file.storyboard; name = Base; path = Base.lproj/LaunchScreen.storyboard; sourceTree = "<group>"; };
		0FBE5C3E1F52BDF9000D1A4B /* Info.plist */ = {isa = PBXFileReference; lastKnownFileType = text.plist.xml; path = Info.plist; sourceTree = "<group>"; };
		0FBE5C431F52BDF9000D1A4B /* StyleGuideTests.xctest */ = {isa = PBXFileReference; explicitFileType = wrapper.cfbundle; includeInIndex = 0; path = StyleGuideTests.xctest; sourceTree = BUILT_PRODUCTS_DIR; };
		0FBE5C471F52BDF9000D1A4B /* StyleGuideTests.swift */ = {isa = PBXFileReference; lastKnownFileType = sourcecode.swift; path = StyleGuideTests.swift; sourceTree = "<group>"; };
		0FBE5C491F52BDF9000D1A4B /* Info.plist */ = {isa = PBXFileReference; lastKnownFileType = text.plist.xml; path = Info.plist; sourceTree = "<group>"; };
		0FBE5C4E1F52BDF9000D1A4B /* StyleGuideUITests.xctest */ = {isa = PBXFileReference; explicitFileType = wrapper.cfbundle; includeInIndex = 0; path = StyleGuideUITests.xctest; sourceTree = BUILT_PRODUCTS_DIR; };
		0FBE5C521F52BDF9000D1A4B /* StyleGuideUITests.swift */ = {isa = PBXFileReference; lastKnownFileType = sourcecode.swift; path = StyleGuideUITests.swift; sourceTree = "<group>"; };
		0FBE5C541F52BDF9000D1A4B /* Info.plist */ = {isa = PBXFileReference; lastKnownFileType = text.plist.xml; path = Info.plist; sourceTree = "<group>"; };
		0FBE5C601F52C118000D1A4B /* glockenspiel.ttf */ = {isa = PBXFileReference; lastKnownFileType = file; path = glockenspiel.ttf; sourceTree = "<group>"; };
		0FBE5C621F52C131000D1A4B /* Main.storyboard */ = {isa = PBXFileReference; fileEncoding = 4; lastKnownFileType = file.storyboard; path = Main.storyboard; sourceTree = "<group>"; };
		0FBE5C641F52C148000D1A4B /* ViewController.swift */ = {isa = PBXFileReference; fileEncoding = 4; lastKnownFileType = sourcecode.swift; path = ViewController.swift; sourceTree = "<group>"; };
		0FBE5C691F52C39E000D1A4B /* FontAwesome.swift */ = {isa = PBXFileReference; fileEncoding = 4; lastKnownFileType = sourcecode.swift; path = FontAwesome.swift; sourceTree = "<group>"; };
		0FBE5C6A1F52C39E000D1A4B /* FontAwesome.ttf */ = {isa = PBXFileReference; lastKnownFileType = file; path = FontAwesome.ttf; sourceTree = "<group>"; };
		0FBE5C6B1F52C39E000D1A4B /* FontLoader.swift */ = {isa = PBXFileReference; fileEncoding = 4; lastKnownFileType = sourcecode.swift; path = FontLoader.swift; sourceTree = "<group>"; };
		0FBE5C6C1F52C39E000D1A4B /* Iconic.swift */ = {isa = PBXFileReference; fileEncoding = 4; lastKnownFileType = sourcecode.swift; path = Iconic.swift; sourceTree = "<group>"; };
		0FBE5C6D1F52C39E000D1A4B /* IonIcons.swift */ = {isa = PBXFileReference; fileEncoding = 4; lastKnownFileType = sourcecode.swift; path = IonIcons.swift; sourceTree = "<group>"; };
		0FBE5C6E1F52C39E000D1A4B /* Ionicons.ttf */ = {isa = PBXFileReference; lastKnownFileType = file; path = Ionicons.ttf; sourceTree = "<group>"; };
		0FBE5C6F1F52C39E000D1A4B /* LGButton.swift */ = {isa = PBXFileReference; fileEncoding = 4; lastKnownFileType = sourcecode.swift; path = LGButton.swift; sourceTree = "<group>"; };
		0FBE5C701F52C39E000D1A4B /* LGButton.xib */ = {isa = PBXFileReference; fileEncoding = 4; lastKnownFileType = file.xib; path = LGButton.xib; sourceTree = "<group>"; };
		0FBE5C711F52C39E000D1A4B /* LICENSE.md */ = {isa = PBXFileReference; fileEncoding = 4; lastKnownFileType = net.daringfireball.markdown; path = LICENSE.md; sourceTree = "<group>"; };
		0FBE5C721F52C39E000D1A4B /* map-icons.ttf */ = {isa = PBXFileReference; lastKnownFileType = file; path = "map-icons.ttf"; sourceTree = "<group>"; };
		0FBE5C731F52C39E000D1A4B /* MapIcon.swift */ = {isa = PBXFileReference; fileEncoding = 4; lastKnownFileType = sourcecode.swift; path = MapIcon.swift; sourceTree = "<group>"; };
		0FBE5C741F52C39E000D1A4B /* MaterialIcon.swift */ = {isa = PBXFileReference; fileEncoding = 4; lastKnownFileType = sourcecode.swift; path = MaterialIcon.swift; sourceTree = "<group>"; };
		0FBE5C751F52C39E000D1A4B /* MaterialIcons-Regular.ttf */ = {isa = PBXFileReference; lastKnownFileType = file; path = "MaterialIcons-Regular.ttf"; sourceTree = "<group>"; };
		0FBE5C761F52C39E000D1A4B /* Octicon.swift */ = {isa = PBXFileReference; fileEncoding = 4; lastKnownFileType = sourcecode.swift; path = Octicon.swift; sourceTree = "<group>"; };
		0FBE5C771F52C39E000D1A4B /* octicons.ttf */ = {isa = PBXFileReference; lastKnownFileType = file; path = octicons.ttf; sourceTree = "<group>"; };
		0FBE5C781F52C39E000D1A4B /* open-iconic.ttf */ = {isa = PBXFileReference; lastKnownFileType = file; path = "open-iconic.ttf"; sourceTree = "<group>"; };
		0FBE5C791F52C39E000D1A4B /* SwiftIconFont.swift */ = {isa = PBXFileReference; fileEncoding = 4; lastKnownFileType = sourcecode.swift; path = SwiftIconFont.swift; sourceTree = "<group>"; };
		0FBE5C7A1F52C39E000D1A4B /* SwiftIconLabel.swift */ = {isa = PBXFileReference; fileEncoding = 4; lastKnownFileType = sourcecode.swift; path = SwiftIconLabel.swift; sourceTree = "<group>"; };
		0FBE5C7B1F52C39E000D1A4B /* themify.ttf */ = {isa = PBXFileReference; lastKnownFileType = file; path = themify.ttf; sourceTree = "<group>"; };
		0FBE5C7C1F52C39E000D1A4B /* ThemifyIcon.swift */ = {isa = PBXFileReference; fileEncoding = 4; lastKnownFileType = sourcecode.swift; path = ThemifyIcon.swift; sourceTree = "<group>"; };
		0FBE5C911F52C3B5000D1A4B /* BouncyPlaceholderTextField.swift */ = {isa = PBXFileReference; fileEncoding = 4; lastKnownFileType = sourcecode.swift; path = BouncyPlaceholderTextField.swift; sourceTree = "<group>"; };
		0FBE5C921F52C3B5000D1A4B /* DesignableLabel.swift */ = {isa = PBXFileReference; fileEncoding = 4; lastKnownFileType = sourcecode.swift; path = DesignableLabel.swift; sourceTree = "<group>"; };
		0FBE5C931F52C3B5000D1A4B /* DesignablePartialView.swift */ = {isa = PBXFileReference; fileEncoding = 4; lastKnownFileType = sourcecode.swift; path = DesignablePartialView.swift; sourceTree = "<group>"; };
		0FBE5C941F52C3B5000D1A4B /* DesignableTextView.swift */ = {isa = PBXFileReference; fileEncoding = 4; lastKnownFileType = sourcecode.swift; path = DesignableTextView.swift; sourceTree = "<group>"; };
		0FBE5C951F52C3B5000D1A4B /* DesignableView.swift */ = {isa = PBXFileReference; fileEncoding = 4; lastKnownFileType = sourcecode.swift; path = DesignableView.swift; sourceTree = "<group>"; };
		0FBE5C961F52C3B5000D1A4B /* FloatingLabelTextField.swift */ = {isa = PBXFileReference; fileEncoding = 4; lastKnownFileType = sourcecode.swift; path = FloatingLabelTextField.swift; sourceTree = "<group>"; };
		0FBE5C971F52C3B5000D1A4B /* StyleGuideHelper.swift */ = {isa = PBXFileReference; fileEncoding = 4; lastKnownFileType = sourcecode.swift; path = StyleGuideHelper.swift; sourceTree = "<group>"; };
		0FBE5C9F1F52C3CD000D1A4B /* UIColor+Utils.swift */ = {isa = PBXFileReference; fileEncoding = 4; lastKnownFileType = sourcecode.swift; path = "UIColor+Utils.swift"; sourceTree = "<group>"; };
		0FBE5CB81F52C4A8000D1A4B /* BaseButton.swift */ = {isa = PBXFileReference; fileEncoding = 4; lastKnownFileType = sourcecode.swift; path = BaseButton.swift; sourceTree = "<group>"; };
		0FBE5CB91F52C4A8000D1A4B /* NormalButton.swift */ = {isa = PBXFileReference; fileEncoding = 4; lastKnownFileType = sourcecode.swift; path = NormalButton.swift; sourceTree = "<group>"; };
		0FBE5CBC1F52C4C0000D1A4B /* BaseLabel.swift */ = {isa = PBXFileReference; fileEncoding = 4; lastKnownFileType = sourcecode.swift; path = BaseLabel.swift; sourceTree = "<group>"; };
		0FBE5CBD1F52C4C0000D1A4B /* NormalLabel.swift */ = {isa = PBXFileReference; fileEncoding = 4; lastKnownFileType = sourcecode.swift; path = NormalLabel.swift; sourceTree = "<group>"; };
		0FBE5CBE1F52C4C0000D1A4B /* PriceLabel.swift */ = {isa = PBXFileReference; fileEncoding = 4; lastKnownFileType = sourcecode.swift; path = PriceLabel.swift; sourceTree = "<group>"; };
		0FBE5CC21F52C4D3000D1A4B /* BaseTextField.swift */ = {isa = PBXFileReference; fileEncoding = 4; lastKnownFileType = sourcecode.swift; path = BaseTextField.swift; sourceTree = "<group>"; };
		0FBE5CC31F52C4D3000D1A4B /* NormalTextField.swift */ = {isa = PBXFileReference; fileEncoding = 4; lastKnownFileType = sourcecode.swift; path = NormalTextField.swift; sourceTree = "<group>"; };
		0FBE5CC61F52C4EC000D1A4B /* BaseTextView.swift */ = {isa = PBXFileReference; fileEncoding = 4; lastKnownFileType = sourcecode.swift; path = BaseTextView.swift; sourceTree = "<group>"; };
		0FBE5CC71F52C4EC000D1A4B /* NormalTextView.swift */ = {isa = PBXFileReference; fileEncoding = 4; lastKnownFileType = sourcecode.swift; path = NormalTextView.swift; sourceTree = "<group>"; };
		0FBE5CCC1F52C574000D1A4B /* DemoColorView1.swift */ = {isa = PBXFileReference; fileEncoding = 4; lastKnownFileType = sourcecode.swift; path = DemoColorView1.swift; sourceTree = "<group>"; };
		0FBE5CCD1F52C574000D1A4B /* DemoColorView2.swift */ = {isa = PBXFileReference; fileEncoding = 4; lastKnownFileType = sourcecode.swift; path = DemoColorView2.swift; sourceTree = "<group>"; };
		0FBE5CCE1F52C574000D1A4B /* DemoColorView3.swift */ = {isa = PBXFileReference; fileEncoding = 4; lastKnownFileType = sourcecode.swift; path = DemoColorView3.swift; sourceTree = "<group>"; };
		0FBE5CCF1F52C574000D1A4B /* DemoColorView4.swift */ = {isa = PBXFileReference; fileEncoding = 4; lastKnownFileType = sourcecode.swift; path = DemoColorView4.swift; sourceTree = "<group>"; };
		0FBE5CD01F52C574000D1A4B /* DemoColorView5.swift */ = {isa = PBXFileReference; fileEncoding = 4; lastKnownFileType = sourcecode.swift; path = DemoColorView5.swift; sourceTree = "<group>"; };
		0FBE5CD11F52C574000D1A4B /* DemoColorView6.swift */ = {isa = PBXFileReference; fileEncoding = 4; lastKnownFileType = sourcecode.swift; path = DemoColorView6.swift; sourceTree = "<group>"; };
		0FBE5CD21F52C574000D1A4B /* DemoColorView7.swift */ = {isa = PBXFileReference; fileEncoding = 4; lastKnownFileType = sourcecode.swift; path = DemoColorView7.swift; sourceTree = "<group>"; };
		0FBE5CD31F52C574000D1A4B /* DemoColorView8.swift */ = {isa = PBXFileReference; fileEncoding = 4; lastKnownFileType = sourcecode.swift; path = DemoColorView8.swift; sourceTree = "<group>"; };
		0FBE5CD41F52C574000D1A4B /* DemoColorView9.swift */ = {isa = PBXFileReference; fileEncoding = 4; lastKnownFileType = sourcecode.swift; path = DemoColorView9.swift; sourceTree = "<group>"; };
		0FBE5CD51F52C574000D1A4B /* DemoColorView10.swift */ = {isa = PBXFileReference; fileEncoding = 4; lastKnownFileType = sourcecode.swift; path = DemoColorView10.swift; sourceTree = "<group>"; };
		0FBE5CD61F52C574000D1A4B /* DemoColorView11.swift */ = {isa = PBXFileReference; fileEncoding = 4; lastKnownFileType = sourcecode.swift; path = DemoColorView11.swift; sourceTree = "<group>"; };
		0FBE5CD71F52C574000D1A4B /* DemoColorView12.swift */ = {isa = PBXFileReference; fileEncoding = 4; lastKnownFileType = sourcecode.swift; path = DemoColorView12.swift; sourceTree = "<group>"; };
		0FBE5CD81F52C574000D1A4B /* DemoColorView13.swift */ = {isa = PBXFileReference; fileEncoding = 4; lastKnownFileType = sourcecode.swift; path = DemoColorView13.swift; sourceTree = "<group>"; };
		0FBE5CD91F52C574000D1A4B /* DemoColorView14.swift */ = {isa = PBXFileReference; fileEncoding = 4; lastKnownFileType = sourcecode.swift; path = DemoColorView14.swift; sourceTree = "<group>"; };
		0FBE5CE81F52C591000D1A4B /* StyleGuide.storyboard */ = {isa = PBXFileReference; fileEncoding = 4; lastKnownFileType = file.storyboard; path = StyleGuide.storyboard; sourceTree = "<group>"; };
		0FBE5CEA1F52C635000D1A4B /* GlobalStyles.swift */ = {isa = PBXFileReference; fileEncoding = 4; lastKnownFileType = sourcecode.swift; path = GlobalStyles.swift; sourceTree = "<group>"; };
		347E9EF4699C13D66E43A15D /* Pods_StyleGuide.framework */ = {isa = PBXFileReference; explicitFileType = wrapper.framework; includeInIndex = 0; path = Pods_StyleGuide.framework; sourceTree = BUILT_PRODUCTS_DIR; };
		575D3D1169F993B3BB24CA30 /* Pods-StyleGuideUITests.release.xcconfig */ = {isa = PBXFileReference; includeInIndex = 1; lastKnownFileType = text.xcconfig; name = "Pods-StyleGuideUITests.release.xcconfig"; path = "Pods/Target Support Files/Pods-StyleGuideUITests/Pods-StyleGuideUITests.release.xcconfig"; sourceTree = "<group>"; };
		587EDD7D027FFF352189FE45 /* Pods-StyleGuideUITests.debug.xcconfig */ = {isa = PBXFileReference; includeInIndex = 1; lastKnownFileType = text.xcconfig; name = "Pods-StyleGuideUITests.debug.xcconfig"; path = "Pods/Target Support Files/Pods-StyleGuideUITests/Pods-StyleGuideUITests.debug.xcconfig"; sourceTree = "<group>"; };
		619EFC950BBE0A121D565264 /* Pods_StyleGuideTests.framework */ = {isa = PBXFileReference; explicitFileType = wrapper.framework; includeInIndex = 0; path = Pods_StyleGuideTests.framework; sourceTree = BUILT_PRODUCTS_DIR; };
		6A8BC1865B60CD741A9E5FD8 /* Pods-StyleGuide.debug.xcconfig */ = {isa = PBXFileReference; includeInIndex = 1; lastKnownFileType = text.xcconfig; name = "Pods-StyleGuide.debug.xcconfig"; path = "Pods/Target Support Files/Pods-StyleGuide/Pods-StyleGuide.debug.xcconfig"; sourceTree = "<group>"; };
		78A88A274981E662CB25476C /* Pods-StyleGuideTests.release.xcconfig */ = {isa = PBXFileReference; includeInIndex = 1; lastKnownFileType = text.xcconfig; name = "Pods-StyleGuideTests.release.xcconfig"; path = "Pods/Target Support Files/Pods-StyleGuideTests/Pods-StyleGuideTests.release.xcconfig"; sourceTree = "<group>"; };
		8CACD8ABC4F35ECA87FCCAE4 /* Pods-StyleGuide.release.xcconfig */ = {isa = PBXFileReference; includeInIndex = 1; lastKnownFileType = text.xcconfig; name = "Pods-StyleGuide.release.xcconfig"; path = "Pods/Target Support Files/Pods-StyleGuide/Pods-StyleGuide.release.xcconfig"; sourceTree = "<group>"; };
		E82CE3A21BAE76C24C101CC3 /* Pods-StyleGuideTests.debug.xcconfig */ = {isa = PBXFileReference; includeInIndex = 1; lastKnownFileType = text.xcconfig; name = "Pods-StyleGuideTests.debug.xcconfig"; path = "Pods/Target Support Files/Pods-StyleGuideTests/Pods-StyleGuideTests.debug.xcconfig"; sourceTree = "<group>"; };
/* End PBXFileReference section */

/* Begin PBXFrameworksBuildPhase section */
		0FBE5C2C1F52BDF9000D1A4B /* Frameworks */ = {
			isa = PBXFrameworksBuildPhase;
			buildActionMask = 2147483647;
			files = (
				3126B5464ED66D82D0B2308F /* Pods_StyleGuide.framework in Frameworks */,
			);
			runOnlyForDeploymentPostprocessing = 0;
		};
		0FBE5C401F52BDF9000D1A4B /* Frameworks */ = {
			isa = PBXFrameworksBuildPhase;
			buildActionMask = 2147483647;
			files = (
				8D57DCFEFA162460163049A1 /* Pods_StyleGuideTests.framework in Frameworks */,
			);
			runOnlyForDeploymentPostprocessing = 0;
		};
		0FBE5C4B1F52BDF9000D1A4B /* Frameworks */ = {
			isa = PBXFrameworksBuildPhase;
			buildActionMask = 2147483647;
			files = (
				8EF42C4DCE3352DEA981CDA0 /* Pods_StyleGuideUITests.framework in Frameworks */,
			);
			runOnlyForDeploymentPostprocessing = 0;
		};
/* End PBXFrameworksBuildPhase section */

/* Begin PBXGroup section */
		0FBE5C261F52BDF9000D1A4B = {
			isa = PBXGroup;
			children = (
				0FBE5C311F52BDF9000D1A4B /* StyleGuide */,
				0FBE5C461F52BDF9000D1A4B /* StyleGuideTests */,
				0FBE5C511F52BDF9000D1A4B /* StyleGuideUITests */,
				0FBE5C301F52BDF9000D1A4B /* Products */,
				DB1A7446917CB5A1B6C530DC /* Pods */,
				5C5BA5D08F884CD3E7BA0B82 /* Frameworks */,
			);
			sourceTree = "<group>";
		};
		0FBE5C301F52BDF9000D1A4B /* Products */ = {
			isa = PBXGroup;
			children = (
				0FBE5C2F1F52BDF9000D1A4B /* StyleGuide.app */,
				0FBE5C431F52BDF9000D1A4B /* StyleGuideTests.xctest */,
				0FBE5C4E1F52BDF9000D1A4B /* StyleGuideUITests.xctest */,
			);
			name = Products;
			sourceTree = "<group>";
		};
		0FBE5C311F52BDF9000D1A4B /* StyleGuide */ = {
			isa = PBXGroup;
			children = (
				0FBE5C661F52C1B2000D1A4B /* Styles */,
				0FBE5C321F52BDF9000D1A4B /* AppDelegate.swift */,
				0FBE5C641F52C148000D1A4B /* ViewController.swift */,
				0FBE5C391F52BDF9000D1A4B /* Assets.xcassets */,
				0FBE5C621F52C131000D1A4B /* Main.storyboard */,
				0FBE5C601F52C118000D1A4B /* glockenspiel.ttf */,
				0FBE5C3B1F52BDF9000D1A4B /* LaunchScreen.storyboard */,
				0FBE5C3E1F52BDF9000D1A4B /* Info.plist */,
			);
			path = StyleGuide;
			sourceTree = "<group>";
		};
		0FBE5C461F52BDF9000D1A4B /* StyleGuideTests */ = {
			isa = PBXGroup;
			children = (
				0FBE5C471F52BDF9000D1A4B /* StyleGuideTests.swift */,
				0FBE5C491F52BDF9000D1A4B /* Info.plist */,
			);
			path = StyleGuideTests;
			sourceTree = "<group>";
		};
		0FBE5C511F52BDF9000D1A4B /* StyleGuideUITests */ = {
			isa = PBXGroup;
			children = (
				0FBE5C521F52BDF9000D1A4B /* StyleGuideUITests.swift */,
				0FBE5C541F52BDF9000D1A4B /* Info.plist */,
			);
			path = StyleGuideUITests;
			sourceTree = "<group>";
		};
		0FBE5C661F52C1B2000D1A4B /* Styles */ = {
			isa = PBXGroup;
			children = (
				0FBE5CEA1F52C635000D1A4B /* GlobalStyles.swift */,
				0FBE5CCA1F52C514000D1A4B /* Preview */,
				0FBE5C671F52C37A000D1A4B /* Components */,
				0FBE5CB31F52C466000D1A4B /* Buttons */,
				0FBE5CAC1F52C42F000D1A4B /* Labels */,
				0FBE5CA71F52C40C000D1A4B /* TextFields */,
				0FBE5CA21F52C3ED000D1A4B /* TextViews */,
			);
			path = Styles;
			sourceTree = "<group>";
		};
		0FBE5C671F52C37A000D1A4B /* Components */ = {
			isa = PBXGroup;
			children = (
				0FBE5C681F52C39E000D1A4B /* LGButton */,
				0FBE5C911F52C3B5000D1A4B /* BouncyPlaceholderTextField.swift */,
				0FBE5C921F52C3B5000D1A4B /* DesignableLabel.swift */,
				0FBE5C931F52C3B5000D1A4B /* DesignablePartialView.swift */,
				0FBE5C941F52C3B5000D1A4B /* DesignableTextView.swift */,
				0FBE5C951F52C3B5000D1A4B /* DesignableView.swift */,
				0FBE5C961F52C3B5000D1A4B /* FloatingLabelTextField.swift */,
				0FBE5C971F52C3B5000D1A4B /* StyleGuideHelper.swift */,
				0FBE5C9F1F52C3CD000D1A4B /* UIColor+Utils.swift */,
			);
			path = Components;
			sourceTree = "<group>";
		};
		0FBE5C681F52C39E000D1A4B /* LGButton */ = {
			isa = PBXGroup;
			children = (
				0FBE5C691F52C39E000D1A4B /* FontAwesome.swift */,
				0FBE5C6A1F52C39E000D1A4B /* FontAwesome.ttf */,
				0FBE5C6B1F52C39E000D1A4B /* FontLoader.swift */,
				0FBE5C6C1F52C39E000D1A4B /* Iconic.swift */,
				0FBE5C6D1F52C39E000D1A4B /* IonIcons.swift */,
				0FBE5C6E1F52C39E000D1A4B /* Ionicons.ttf */,
				0FBE5C6F1F52C39E000D1A4B /* LGButton.swift */,
				0FBE5C701F52C39E000D1A4B /* LGButton.xib */,
				0FBE5C711F52C39E000D1A4B /* LICENSE.md */,
				0FBE5C721F52C39E000D1A4B /* map-icons.ttf */,
				0FBE5C731F52C39E000D1A4B /* MapIcon.swift */,
				0FBE5C741F52C39E000D1A4B /* MaterialIcon.swift */,
				0FBE5C751F52C39E000D1A4B /* MaterialIcons-Regular.ttf */,
				0FBE5C761F52C39E000D1A4B /* Octicon.swift */,
				0FBE5C771F52C39E000D1A4B /* octicons.ttf */,
				0FBE5C781F52C39E000D1A4B /* open-iconic.ttf */,
				0FBE5C791F52C39E000D1A4B /* SwiftIconFont.swift */,
				0FBE5C7A1F52C39E000D1A4B /* SwiftIconLabel.swift */,
				0FBE5C7B1F52C39E000D1A4B /* themify.ttf */,
				0FBE5C7C1F52C39E000D1A4B /* ThemifyIcon.swift */,
			);
			path = LGButton;
			sourceTree = "<group>";
		};
		0FBE5CA21F52C3ED000D1A4B /* TextViews */ = {
			isa = PBXGroup;
			children = (
				0FBE5CC61F52C4EC000D1A4B /* BaseTextView.swift */,
				0FBE5CC71F52C4EC000D1A4B /* NormalTextView.swift */,
			);
			name = TextViews;
			path = Components;
			sourceTree = "<group>";
		};
		0FBE5CA71F52C40C000D1A4B /* TextFields */ = {
			isa = PBXGroup;
			children = (
				0FBE5CC21F52C4D3000D1A4B /* BaseTextField.swift */,
				0FBE5CC31F52C4D3000D1A4B /* NormalTextField.swift */,
			);
			name = TextFields;
			path = Components;
			sourceTree = "<group>";
		};
		0FBE5CAC1F52C42F000D1A4B /* Labels */ = {
			isa = PBXGroup;
			children = (
				0FBE5CBC1F52C4C0000D1A4B /* BaseLabel.swift */,
				0FBE5CBD1F52C4C0000D1A4B /* NormalLabel.swift */,
				0FBE5CBE1F52C4C0000D1A4B /* PriceLabel.swift */,
			);
			name = Labels;
			path = Components;
			sourceTree = "<group>";
		};
		0FBE5CB31F52C466000D1A4B /* Buttons */ = {
			isa = PBXGroup;
			children = (
				0FBE5CB81F52C4A8000D1A4B /* BaseButton.swift */,
				0FBE5CB91F52C4A8000D1A4B /* NormalButton.swift */,
			);
			name = Buttons;
			path = Components;
			sourceTree = "<group>";
		};
		0FBE5CCA1F52C514000D1A4B /* Preview */ = {
			isa = PBXGroup;
			children = (
				0FBE5CCB1F52C561000D1A4B /* DemoColorViews */,
				0FBE5CE81F52C591000D1A4B /* StyleGuide.storyboard */,
			);
			path = Preview;
			sourceTree = "<group>";
		};
		0FBE5CCB1F52C561000D1A4B /* DemoColorViews */ = {
			isa = PBXGroup;
			children = (
				0FBE5CCC1F52C574000D1A4B /* DemoColorView1.swift */,
				0FBE5CCD1F52C574000D1A4B /* DemoColorView2.swift */,
				0FBE5CCE1F52C574000D1A4B /* DemoColorView3.swift */,
				0FBE5CCF1F52C574000D1A4B /* DemoColorView4.swift */,
				0FBE5CD01F52C574000D1A4B /* DemoColorView5.swift */,
				0FBE5CD11F52C574000D1A4B /* DemoColorView6.swift */,
				0FBE5CD21F52C574000D1A4B /* DemoColorView7.swift */,
				0FBE5CD31F52C574000D1A4B /* DemoColorView8.swift */,
				0FBE5CD41F52C574000D1A4B /* DemoColorView9.swift */,
				0FBE5CD51F52C574000D1A4B /* DemoColorView10.swift */,
				0FBE5CD61F52C574000D1A4B /* DemoColorView11.swift */,
				0FBE5CD71F52C574000D1A4B /* DemoColorView12.swift */,
				0FBE5CD81F52C574000D1A4B /* DemoColorView13.swift */,
				0FBE5CD91F52C574000D1A4B /* DemoColorView14.swift */,
			);
			name = DemoColorViews;
			sourceTree = "<group>";
		};
		5C5BA5D08F884CD3E7BA0B82 /* Frameworks */ = {
			isa = PBXGroup;
			children = (
				347E9EF4699C13D66E43A15D /* Pods_StyleGuide.framework */,
				619EFC950BBE0A121D565264 /* Pods_StyleGuideTests.framework */,
				09A2520E920437BD7356124D /* Pods_StyleGuideUITests.framework */,
			);
			name = Frameworks;
			sourceTree = "<group>";
		};
		DB1A7446917CB5A1B6C530DC /* Pods */ = {
			isa = PBXGroup;
			children = (
				6A8BC1865B60CD741A9E5FD8 /* Pods-StyleGuide.debug.xcconfig */,
				8CACD8ABC4F35ECA87FCCAE4 /* Pods-StyleGuide.release.xcconfig */,
				E82CE3A21BAE76C24C101CC3 /* Pods-StyleGuideTests.debug.xcconfig */,
				78A88A274981E662CB25476C /* Pods-StyleGuideTests.release.xcconfig */,
				587EDD7D027FFF352189FE45 /* Pods-StyleGuideUITests.debug.xcconfig */,
				575D3D1169F993B3BB24CA30 /* Pods-StyleGuideUITests.release.xcconfig */,
			);
			name = Pods;
			sourceTree = "<group>";
		};
/* End PBXGroup section */

/* Begin PBXNativeTarget section */
		0FBE5C2E1F52BDF9000D1A4B /* StyleGuide */ = {
			isa = PBXNativeTarget;
			buildConfigurationList = 0FBE5C571F52BDF9000D1A4B /* Build configuration list for PBXNativeTarget "StyleGuide" */;
			buildPhases = (
				D842A974DB0B17ECE437347E /* [CP] Check Pods Manifest.lock */,
				0FBE5C2B1F52BDF9000D1A4B /* Sources */,
				0FBE5C2C1F52BDF9000D1A4B /* Frameworks */,
				0FBE5C2D1F52BDF9000D1A4B /* Resources */,
				265E5ED9A52F8F40AEAC94AF /* [CP] Embed Pods Frameworks */,
				4BB90BA0D4878E8AE4AE9DD2 /* [CP] Copy Pods Resources */,
			);
			buildRules = (
			);
			dependencies = (
			);
			name = StyleGuide;
			productName = StyleGuide;
			productReference = 0FBE5C2F1F52BDF9000D1A4B /* StyleGuide.app */;
			productType = "com.apple.product-type.application";
		};
		0FBE5C421F52BDF9000D1A4B /* StyleGuideTests */ = {
			isa = PBXNativeTarget;
			buildConfigurationList = 0FBE5C5A1F52BDF9000D1A4B /* Build configuration list for PBXNativeTarget "StyleGuideTests" */;
			buildPhases = (
				28B0B3857FA2BE18B86EBC4D /* [CP] Check Pods Manifest.lock */,
				0FBE5C3F1F52BDF9000D1A4B /* Sources */,
				0FBE5C401F52BDF9000D1A4B /* Frameworks */,
				0FBE5C411F52BDF9000D1A4B /* Resources */,
				FB01B817BF530BFD53FB1C85 /* [CP] Embed Pods Frameworks */,
				A36A44CD9244455B8E297D7C /* [CP] Copy Pods Resources */,
			);
			buildRules = (
			);
			dependencies = (
				0FBE5C451F52BDF9000D1A4B /* PBXTargetDependency */,
			);
			name = StyleGuideTests;
			productName = StyleGuideTests;
			productReference = 0FBE5C431F52BDF9000D1A4B /* StyleGuideTests.xctest */;
			productType = "com.apple.product-type.bundle.unit-test";
		};
		0FBE5C4D1F52BDF9000D1A4B /* StyleGuideUITests */ = {
			isa = PBXNativeTarget;
			buildConfigurationList = 0FBE5C5D1F52BDF9000D1A4B /* Build configuration list for PBXNativeTarget "StyleGuideUITests" */;
			buildPhases = (
				C55151921B9DC477AD638986 /* [CP] Check Pods Manifest.lock */,
				0FBE5C4A1F52BDF9000D1A4B /* Sources */,
				0FBE5C4B1F52BDF9000D1A4B /* Frameworks */,
				0FBE5C4C1F52BDF9000D1A4B /* Resources */,
				9C4DE7F0FCF55E81C14C0359 /* [CP] Embed Pods Frameworks */,
				398E9285B376FFFDDD44D2E6 /* [CP] Copy Pods Resources */,
			);
			buildRules = (
			);
			dependencies = (
				0FBE5C501F52BDF9000D1A4B /* PBXTargetDependency */,
			);
			name = StyleGuideUITests;
			productName = StyleGuideUITests;
			productReference = 0FBE5C4E1F52BDF9000D1A4B /* StyleGuideUITests.xctest */;
			productType = "com.apple.product-type.bundle.ui-testing";
		};
/* End PBXNativeTarget section */

/* Begin PBXProject section */
		0FBE5C271F52BDF9000D1A4B /* Project object */ = {
			isa = PBXProject;
			attributes = {
				LastSwiftUpdateCheck = 0830;
				LastUpgradeCheck = 0830;
				ORGANIZATIONNAME = "Gytenis Mikulenas";
				TargetAttributes = {
					0FBE5C2E1F52BDF9000D1A4B = {
						CreatedOnToolsVersion = 8.3.3;
						ProvisioningStyle = Automatic;
					};
					0FBE5C421F52BDF9000D1A4B = {
						CreatedOnToolsVersion = 8.3.3;
						ProvisioningStyle = Automatic;
						TestTargetID = 0FBE5C2E1F52BDF9000D1A4B;
					};
					0FBE5C4D1F52BDF9000D1A4B = {
						CreatedOnToolsVersion = 8.3.3;
						ProvisioningStyle = Automatic;
						TestTargetID = 0FBE5C2E1F52BDF9000D1A4B;
					};
				};
			};
			buildConfigurationList = 0FBE5C2A1F52BDF9000D1A4B /* Build configuration list for PBXProject "StyleGuide" */;
			compatibilityVersion = "Xcode 3.2";
			developmentRegion = English;
			hasScannedForEncodings = 0;
			knownRegions = (
				en,
				Base,
			);
			mainGroup = 0FBE5C261F52BDF9000D1A4B;
			productRefGroup = 0FBE5C301F52BDF9000D1A4B /* Products */;
			projectDirPath = "";
			projectRoot = "";
			targets = (
				0FBE5C2E1F52BDF9000D1A4B /* StyleGuide */,
				0FBE5C421F52BDF9000D1A4B /* StyleGuideTests */,
				0FBE5C4D1F52BDF9000D1A4B /* StyleGuideUITests */,
			);
		};
/* End PBXProject section */

/* Begin PBXResourcesBuildPhase section */
		0FBE5C2D1F52BDF9000D1A4B /* Resources */ = {
			isa = PBXResourcesBuildPhase;
			buildActionMask = 2147483647;
			files = (
				0FBE5C8B1F52C39E000D1A4B /* octicons.ttf in Resources */,
				0FBE5C8F1F52C39E000D1A4B /* themify.ttf in Resources */,
				0FBE5C861F52C39E000D1A4B /* map-icons.ttf in Resources */,
				0FBE5C841F52C39E000D1A4B /* LGButton.xib in Resources */,
				0FBE5C611F52C118000D1A4B /* glockenspiel.ttf in Resources */,
				0FBE5CE91F52C591000D1A4B /* StyleGuide.storyboard in Resources */,
				0FBE5C7E1F52C39E000D1A4B /* FontAwesome.ttf in Resources */,
				0FBE5C891F52C39E000D1A4B /* MaterialIcons-Regular.ttf in Resources */,
				0FBE5C821F52C39E000D1A4B /* Ionicons.ttf in Resources */,
				0FBE5C3D1F52BDF9000D1A4B /* LaunchScreen.storyboard in Resources */,
				0FBE5C3A1F52BDF9000D1A4B /* Assets.xcassets in Resources */,
				0FBE5C631F52C131000D1A4B /* Main.storyboard in Resources */,
				0FBE5C8C1F52C39E000D1A4B /* open-iconic.ttf in Resources */,
			);
			runOnlyForDeploymentPostprocessing = 0;
		};
		0FBE5C411F52BDF9000D1A4B /* Resources */ = {
			isa = PBXResourcesBuildPhase;
			buildActionMask = 2147483647;
			files = (
			);
			runOnlyForDeploymentPostprocessing = 0;
		};
		0FBE5C4C1F52BDF9000D1A4B /* Resources */ = {
			isa = PBXResourcesBuildPhase;
			buildActionMask = 2147483647;
			files = (
			);
			runOnlyForDeploymentPostprocessing = 0;
		};
/* End PBXResourcesBuildPhase section */

/* Begin PBXShellScriptBuildPhase section */
		265E5ED9A52F8F40AEAC94AF /* [CP] Embed Pods Frameworks */ = {
			isa = PBXShellScriptBuildPhase;
			buildActionMask = 2147483647;
			files = (
			);
			inputPaths = (
				"${SRCROOT}/Pods/Target Support Files/Pods-StyleGuide/Pods-StyleGuide-frameworks.sh",
				"${BUILT_PRODUCTS_DIR}/ActionKit/ActionKit.framework",
				"${BUILT_PRODUCTS_DIR}/AssociatedValues/AssociatedValues.framework",
				"${BUILT_PRODUCTS_DIR}/FontBlaster/FontBlaster.framework",
				"${BUILT_PRODUCTS_DIR}/GrowingTextView/GrowingTextView.framework",
				"${BUILT_PRODUCTS_DIR}/IQKeyboardManagerSwift/IQKeyboardManagerSwift.framework",
				"${BUILT_PRODUCTS_DIR}/SkyFloatingLabelTextField/SkyFloatingLabelTextField.framework",
			);
			name = "[CP] Embed Pods Frameworks";
			outputPaths = (
				"${TARGET_BUILD_DIR}/${FRAMEWORKS_FOLDER_PATH}/ActionKit.framework",
				"${TARGET_BUILD_DIR}/${FRAMEWORKS_FOLDER_PATH}/AssociatedValues.framework",
				"${TARGET_BUILD_DIR}/${FRAMEWORKS_FOLDER_PATH}/FontBlaster.framework",
				"${TARGET_BUILD_DIR}/${FRAMEWORKS_FOLDER_PATH}/GrowingTextView.framework",
				"${TARGET_BUILD_DIR}/${FRAMEWORKS_FOLDER_PATH}/IQKeyboardManagerSwift.framework",
				"${TARGET_BUILD_DIR}/${FRAMEWORKS_FOLDER_PATH}/SkyFloatingLabelTextField.framework",
			);
			runOnlyForDeploymentPostprocessing = 0;
			shellPath = /bin/sh;
			shellScript = "\"${SRCROOT}/Pods/Target Support Files/Pods-StyleGuide/Pods-StyleGuide-frameworks.sh\"\n";
			showEnvVarsInLog = 0;
		};
		28B0B3857FA2BE18B86EBC4D /* [CP] Check Pods Manifest.lock */ = {
			isa = PBXShellScriptBuildPhase;
			buildActionMask = 2147483647;
			files = (
			);
			inputPaths = (
				"${PODS_PODFILE_DIR_PATH}/Podfile.lock",
				"${PODS_ROOT}/Manifest.lock",
			);
			name = "[CP] Check Pods Manifest.lock";
			outputPaths = (
				"$(DERIVED_FILE_DIR)/Pods-StyleGuideTests-checkManifestLockResult.txt",
			);
			runOnlyForDeploymentPostprocessing = 0;
			shellPath = /bin/sh;
			shellScript = "diff \"${PODS_PODFILE_DIR_PATH}/Podfile.lock\" \"${PODS_ROOT}/Manifest.lock\" > /dev/null\nif [ $? != 0 ] ; then\n    # print error to STDERR\n    echo \"error: The sandbox is not in sync with the Podfile.lock. Run 'pod install' or update your CocoaPods installation.\" >&2\n    exit 1\nfi\n# This output is used by Xcode 'outputs' to avoid re-running this script phase.\necho \"SUCCESS\" > \"${SCRIPT_OUTPUT_FILE_0}\"\n";
			showEnvVarsInLog = 0;
		};
		398E9285B376FFFDDD44D2E6 /* [CP] Copy Pods Resources */ = {
			isa = PBXShellScriptBuildPhase;
			buildActionMask = 2147483647;
			files = (
			);
			inputPaths = (
			);
			name = "[CP] Copy Pods Resources";
			outputPaths = (
			);
			runOnlyForDeploymentPostprocessing = 0;
			shellPath = /bin/sh;
			shellScript = "\"${SRCROOT}/Pods/Target Support Files/Pods-StyleGuideUITests/Pods-StyleGuideUITests-resources.sh\"\n";
			showEnvVarsInLog = 0;
		};
		4BB90BA0D4878E8AE4AE9DD2 /* [CP] Copy Pods Resources */ = {
			isa = PBXShellScriptBuildPhase;
			buildActionMask = 2147483647;
			files = (
			);
			inputPaths = (
			);
			name = "[CP] Copy Pods Resources";
			outputPaths = (
			);
			runOnlyForDeploymentPostprocessing = 0;
			shellPath = /bin/sh;
			shellScript = "\"${SRCROOT}/Pods/Target Support Files/Pods-StyleGuide/Pods-StyleGuide-resources.sh\"\n";
			showEnvVarsInLog = 0;
		};
		9C4DE7F0FCF55E81C14C0359 /* [CP] Embed Pods Frameworks */ = {
			isa = PBXShellScriptBuildPhase;
			buildActionMask = 2147483647;
			files = (
			);
			inputPaths = (
			);
			name = "[CP] Embed Pods Frameworks";
			outputPaths = (
			);
			runOnlyForDeploymentPostprocessing = 0;
			shellPath = /bin/sh;
			shellScript = "\"${SRCROOT}/Pods/Target Support Files/Pods-StyleGuideUITests/Pods-StyleGuideUITests-frameworks.sh\"\n";
			showEnvVarsInLog = 0;
		};
		A36A44CD9244455B8E297D7C /* [CP] Copy Pods Resources */ = {
			isa = PBXShellScriptBuildPhase;
			buildActionMask = 2147483647;
			files = (
			);
			inputPaths = (
			);
			name = "[CP] Copy Pods Resources";
			outputPaths = (
			);
			runOnlyForDeploymentPostprocessing = 0;
			shellPath = /bin/sh;
			shellScript = "\"${SRCROOT}/Pods/Target Support Files/Pods-StyleGuideTests/Pods-StyleGuideTests-resources.sh\"\n";
			showEnvVarsInLog = 0;
		};
		C55151921B9DC477AD638986 /* [CP] Check Pods Manifest.lock */ = {
			isa = PBXShellScriptBuildPhase;
			buildActionMask = 2147483647;
			files = (
			);
			inputPaths = (
				"${PODS_PODFILE_DIR_PATH}/Podfile.lock",
				"${PODS_ROOT}/Manifest.lock",
			);
			name = "[CP] Check Pods Manifest.lock";
			outputPaths = (
				"$(DERIVED_FILE_DIR)/Pods-StyleGuideUITests-checkManifestLockResult.txt",
			);
			runOnlyForDeploymentPostprocessing = 0;
			shellPath = /bin/sh;
			shellScript = "diff \"${PODS_PODFILE_DIR_PATH}/Podfile.lock\" \"${PODS_ROOT}/Manifest.lock\" > /dev/null\nif [ $? != 0 ] ; then\n    # print error to STDERR\n    echo \"error: The sandbox is not in sync with the Podfile.lock. Run 'pod install' or update your CocoaPods installation.\" >&2\n    exit 1\nfi\n# This output is used by Xcode 'outputs' to avoid re-running this script phase.\necho \"SUCCESS\" > \"${SCRIPT_OUTPUT_FILE_0}\"\n";
			showEnvVarsInLog = 0;
		};
		D842A974DB0B17ECE437347E /* [CP] Check Pods Manifest.lock */ = {
			isa = PBXShellScriptBuildPhase;
			buildActionMask = 2147483647;
			files = (
			);
			inputPaths = (
				"${PODS_PODFILE_DIR_PATH}/Podfile.lock",
				"${PODS_ROOT}/Manifest.lock",
			);
			name = "[CP] Check Pods Manifest.lock";
			outputPaths = (
				"$(DERIVED_FILE_DIR)/Pods-StyleGuide-checkManifestLockResult.txt",
			);
			runOnlyForDeploymentPostprocessing = 0;
			shellPath = /bin/sh;
			shellScript = "diff \"${PODS_PODFILE_DIR_PATH}/Podfile.lock\" \"${PODS_ROOT}/Manifest.lock\" > /dev/null\nif [ $? != 0 ] ; then\n    # print error to STDERR\n    echo \"error: The sandbox is not in sync with the Podfile.lock. Run 'pod install' or update your CocoaPods installation.\" >&2\n    exit 1\nfi\n# This output is used by Xcode 'outputs' to avoid re-running this script phase.\necho \"SUCCESS\" > \"${SCRIPT_OUTPUT_FILE_0}\"\n";
			showEnvVarsInLog = 0;
		};
		FB01B817BF530BFD53FB1C85 /* [CP] Embed Pods Frameworks */ = {
			isa = PBXShellScriptBuildPhase;
			buildActionMask = 2147483647;
			files = (
			);
			inputPaths = (
			);
			name = "[CP] Embed Pods Frameworks";
			outputPaths = (
			);
			runOnlyForDeploymentPostprocessing = 0;
			shellPath = /bin/sh;
			shellScript = "\"${SRCROOT}/Pods/Target Support Files/Pods-StyleGuideTests/Pods-StyleGuideTests-frameworks.sh\"\n";
			showEnvVarsInLog = 0;
		};
/* End PBXShellScriptBuildPhase section */

/* Begin PBXSourcesBuildPhase section */
		0FBE5C2B1F52BDF9000D1A4B /* Sources */ = {
			isa = PBXSourcesBuildPhase;
			buildActionMask = 2147483647;
			files = (
				0FBE5C871F52C39E000D1A4B /* MapIcon.swift in Sources */,
				0FBE5CDC1F52C574000D1A4B /* DemoColorView3.swift in Sources */,
				0FBE5C651F52C148000D1A4B /* ViewController.swift in Sources */,
				0FBE5CE01F52C574000D1A4B /* DemoColorView7.swift in Sources */,
				0FBE5CDE1F52C574000D1A4B /* DemoColorView5.swift in Sources */,
				0FBE5CC81F52C4EC000D1A4B /* BaseTextView.swift in Sources */,
				0FBE5C831F52C39E000D1A4B /* LGButton.swift in Sources */,
				0FBE5CE31F52C574000D1A4B /* DemoColorView10.swift in Sources */,
				0FBE5C9B1F52C3B5000D1A4B /* DesignableTextView.swift in Sources */,
				0FBE5C9D1F52C3B5000D1A4B /* FloatingLabelTextField.swift in Sources */,
				0FBE5CC51F52C4D3000D1A4B /* NormalTextField.swift in Sources */,
				0FBE5CE51F52C574000D1A4B /* DemoColorView12.swift in Sources */,
				0FBE5CDB1F52C574000D1A4B /* DemoColorView2.swift in Sources */,
				0FBE5CC11F52C4C0000D1A4B /* PriceLabel.swift in Sources */,
				0FBE5CBB1F52C4A8000D1A4B /* NormalButton.swift in Sources */,
				0FBE5CE71F52C574000D1A4B /* DemoColorView14.swift in Sources */,
				0FBE5C901F52C39E000D1A4B /* ThemifyIcon.swift in Sources */,
				0FBE5C8E1F52C39E000D1A4B /* SwiftIconLabel.swift in Sources */,
				0FBE5C7F1F52C39E000D1A4B /* FontLoader.swift in Sources */,
				0FBE5C9C1F52C3B5000D1A4B /* DesignableView.swift in Sources */,
				0FBE5CDD1F52C574000D1A4B /* DemoColorView4.swift in Sources */,
				0FBE5CC41F52C4D3000D1A4B /* BaseTextField.swift in Sources */,
				0FBE5C981F52C3B5000D1A4B /* BouncyPlaceholderTextField.swift in Sources */,
				0FBE5CDF1F52C574000D1A4B /* DemoColorView6.swift in Sources */,
				0FBE5CC91F52C4EC000D1A4B /* NormalTextView.swift in Sources */,
				0FBE5C7D1F52C39E000D1A4B /* FontAwesome.swift in Sources */,
				0FBE5CE21F52C574000D1A4B /* DemoColorView9.swift in Sources */,
				0FBE5C851F52C39E000D1A4B /* LICENSE.md in Sources */,
				0FBE5CBA1F52C4A8000D1A4B /* BaseButton.swift in Sources */,
				0FBE5C811F52C39E000D1A4B /* IonIcons.swift in Sources */,
				0FBE5C8D1F52C39E000D1A4B /* SwiftIconFont.swift in Sources */,
				0FBE5CE11F52C574000D1A4B /* DemoColorView8.swift in Sources */,
				0FBE5CE61F52C574000D1A4B /* DemoColorView13.swift in Sources */,
				0FBE5C331F52BDF9000D1A4B /* AppDelegate.swift in Sources */,
				0FBE5CEB1F52C635000D1A4B /* GlobalStyles.swift in Sources */,
				0FBE5CE41F52C574000D1A4B /* DemoColorView11.swift in Sources */,
				0FBE5C801F52C39E000D1A4B /* Iconic.swift in Sources */,
				0FBE5C8A1F52C39E000D1A4B /* Octicon.swift in Sources */,
				0FBE5CA01F52C3CD000D1A4B /* UIColor+Utils.swift in Sources */,
				0FBE5CBF1F52C4C0000D1A4B /* BaseLabel.swift in Sources */,
				0FBE5C991F52C3B5000D1A4B /* DesignableLabel.swift in Sources */,
				0FBE5C9A1F52C3B5000D1A4B /* DesignablePartialView.swift in Sources */,
				0FBE5C881F52C39E000D1A4B /* MaterialIcon.swift in Sources */,
				0FBE5C9E1F52C3B5000D1A4B /* StyleGuideHelper.swift in Sources */,
				0FBE5CC01F52C4C0000D1A4B /* NormalLabel.swift in Sources */,
				0FBE5CDA1F52C574000D1A4B /* DemoColorView1.swift in Sources */,
			);
			runOnlyForDeploymentPostprocessing = 0;
		};
		0FBE5C3F1F52BDF9000D1A4B /* Sources */ = {
			isa = PBXSourcesBuildPhase;
			buildActionMask = 2147483647;
			files = (
				0FBE5C481F52BDF9000D1A4B /* StyleGuideTests.swift in Sources */,
			);
			runOnlyForDeploymentPostprocessing = 0;
		};
		0FBE5C4A1F52BDF9000D1A4B /* Sources */ = {
			isa = PBXSourcesBuildPhase;
			buildActionMask = 2147483647;
			files = (
				0FBE5C531F52BDF9000D1A4B /* StyleGuideUITests.swift in Sources */,
			);
			runOnlyForDeploymentPostprocessing = 0;
		};
/* End PBXSourcesBuildPhase section */

/* Begin PBXTargetDependency section */
		0FBE5C451F52BDF9000D1A4B /* PBXTargetDependency */ = {
			isa = PBXTargetDependency;
			target = 0FBE5C2E1F52BDF9000D1A4B /* StyleGuide */;
			targetProxy = 0FBE5C441F52BDF9000D1A4B /* PBXContainerItemProxy */;
		};
		0FBE5C501F52BDF9000D1A4B /* PBXTargetDependency */ = {
			isa = PBXTargetDependency;
			target = 0FBE5C2E1F52BDF9000D1A4B /* StyleGuide */;
			targetProxy = 0FBE5C4F1F52BDF9000D1A4B /* PBXContainerItemProxy */;
		};
/* End PBXTargetDependency section */

/* Begin PBXVariantGroup section */
		0FBE5C3B1F52BDF9000D1A4B /* LaunchScreen.storyboard */ = {
			isa = PBXVariantGroup;
			children = (
				0FBE5C3C1F52BDF9000D1A4B /* Base */,
			);
			name = LaunchScreen.storyboard;
			sourceTree = "<group>";
		};
/* End PBXVariantGroup section */

/* Begin XCBuildConfiguration section */
		0FBE5C551F52BDF9000D1A4B /* Debug */ = {
			isa = XCBuildConfiguration;
			buildSettings = {
				ALWAYS_SEARCH_USER_PATHS = NO;
				CLANG_ANALYZER_NONNULL = YES;
				CLANG_ANALYZER_NUMBER_OBJECT_CONVERSION = YES_AGGRESSIVE;
				CLANG_CXX_LANGUAGE_STANDARD = "gnu++0x";
				CLANG_CXX_LIBRARY = "libc++";
				CLANG_ENABLE_MODULES = YES;
				CLANG_ENABLE_OBJC_ARC = YES;
				CLANG_WARN_BOOL_CONVERSION = YES;
				CLANG_WARN_CONSTANT_CONVERSION = YES;
				CLANG_WARN_DIRECT_OBJC_ISA_USAGE = YES_ERROR;
				CLANG_WARN_DOCUMENTATION_COMMENTS = YES;
				CLANG_WARN_EMPTY_BODY = YES;
				CLANG_WARN_ENUM_CONVERSION = YES;
				CLANG_WARN_INFINITE_RECURSION = YES;
				CLANG_WARN_INT_CONVERSION = YES;
				CLANG_WARN_OBJC_ROOT_CLASS = YES_ERROR;
				CLANG_WARN_SUSPICIOUS_MOVE = YES;
				CLANG_WARN_UNREACHABLE_CODE = YES;
				CLANG_WARN__DUPLICATE_METHOD_MATCH = YES;
				"CODE_SIGN_IDENTITY[sdk=iphoneos*]" = "iPhone Developer";
				COPY_PHASE_STRIP = NO;
				DEBUG_INFORMATION_FORMAT = dwarf;
				ENABLE_STRICT_OBJC_MSGSEND = YES;
				ENABLE_TESTABILITY = YES;
				GCC_C_LANGUAGE_STANDARD = gnu99;
				GCC_DYNAMIC_NO_PIC = NO;
				GCC_NO_COMMON_BLOCKS = YES;
				GCC_OPTIMIZATION_LEVEL = 0;
				GCC_PREPROCESSOR_DEFINITIONS = (
					"DEBUG=1",
					"$(inherited)",
				);
				GCC_WARN_64_TO_32_BIT_CONVERSION = YES;
				GCC_WARN_ABOUT_RETURN_TYPE = YES_ERROR;
				GCC_WARN_UNDECLARED_SELECTOR = YES;
				GCC_WARN_UNINITIALIZED_AUTOS = YES_AGGRESSIVE;
				GCC_WARN_UNUSED_FUNCTION = YES;
				GCC_WARN_UNUSED_VARIABLE = YES;
				IPHONEOS_DEPLOYMENT_TARGET = 10.3;
				MTL_ENABLE_DEBUG_INFO = YES;
				ONLY_ACTIVE_ARCH = YES;
				SDKROOT = iphoneos;
				SWIFT_ACTIVE_COMPILATION_CONDITIONS = DEBUG;
				SWIFT_OPTIMIZATION_LEVEL = "-Onone";
			};
			name = Debug;
		};
		0FBE5C561F52BDF9000D1A4B /* Release */ = {
			isa = XCBuildConfiguration;
			buildSettings = {
				ALWAYS_SEARCH_USER_PATHS = NO;
				CLANG_ANALYZER_NONNULL = YES;
				CLANG_ANALYZER_NUMBER_OBJECT_CONVERSION = YES_AGGRESSIVE;
				CLANG_CXX_LANGUAGE_STANDARD = "gnu++0x";
				CLANG_CXX_LIBRARY = "libc++";
				CLANG_ENABLE_MODULES = YES;
				CLANG_ENABLE_OBJC_ARC = YES;
				CLANG_WARN_BOOL_CONVERSION = YES;
				CLANG_WARN_CONSTANT_CONVERSION = YES;
				CLANG_WARN_DIRECT_OBJC_ISA_USAGE = YES_ERROR;
				CLANG_WARN_DOCUMENTATION_COMMENTS = YES;
				CLANG_WARN_EMPTY_BODY = YES;
				CLANG_WARN_ENUM_CONVERSION = YES;
				CLANG_WARN_INFINITE_RECURSION = YES;
				CLANG_WARN_INT_CONVERSION = YES;
				CLANG_WARN_OBJC_ROOT_CLASS = YES_ERROR;
				CLANG_WARN_SUSPICIOUS_MOVE = YES;
				CLANG_WARN_UNREACHABLE_CODE = YES;
				CLANG_WARN__DUPLICATE_METHOD_MATCH = YES;
				"CODE_SIGN_IDENTITY[sdk=iphoneos*]" = "iPhone Developer";
				COPY_PHASE_STRIP = NO;
				DEBUG_INFORMATION_FORMAT = "dwarf-with-dsym";
				ENABLE_NS_ASSERTIONS = NO;
				ENABLE_STRICT_OBJC_MSGSEND = YES;
				GCC_C_LANGUAGE_STANDARD = gnu99;
				GCC_NO_COMMON_BLOCKS = YES;
				GCC_WARN_64_TO_32_BIT_CONVERSION = YES;
				GCC_WARN_ABOUT_RETURN_TYPE = YES_ERROR;
				GCC_WARN_UNDECLARED_SELECTOR = YES;
				GCC_WARN_UNINITIALIZED_AUTOS = YES_AGGRESSIVE;
				GCC_WARN_UNUSED_FUNCTION = YES;
				GCC_WARN_UNUSED_VARIABLE = YES;
				IPHONEOS_DEPLOYMENT_TARGET = 10.3;
				MTL_ENABLE_DEBUG_INFO = NO;
				SDKROOT = iphoneos;
				SWIFT_OPTIMIZATION_LEVEL = "-Owholemodule";
				VALIDATE_PRODUCT = YES;
			};
			name = Release;
		};
		0FBE5C581F52BDF9000D1A4B /* Debug */ = {
			isa = XCBuildConfiguration;
			baseConfigurationReference = 6A8BC1865B60CD741A9E5FD8 /* Pods-StyleGuide.debug.xcconfig */;
			buildSettings = {
				ASSETCATALOG_COMPILER_APPICON_NAME = AppIcon;
				INFOPLIST_FILE = StyleGuide/Info.plist;
				LD_RUNPATH_SEARCH_PATHS = "$(inherited) @executable_path/Frameworks";
				PRODUCT_BUNDLE_IDENTIFIER = com.yourcompany.StyleGuide;
				PRODUCT_NAME = "$(TARGET_NAME)";
				SWIFT_VERSION = 3.0;
			};
			name = Debug;
		};
		0FBE5C591F52BDF9000D1A4B /* Release */ = {
			isa = XCBuildConfiguration;
			baseConfigurationReference = 8CACD8ABC4F35ECA87FCCAE4 /* Pods-StyleGuide.release.xcconfig */;
			buildSettings = {
				ASSETCATALOG_COMPILER_APPICON_NAME = AppIcon;
				INFOPLIST_FILE = StyleGuide/Info.plist;
				LD_RUNPATH_SEARCH_PATHS = "$(inherited) @executable_path/Frameworks";
				PRODUCT_BUNDLE_IDENTIFIER = com.yourcompany.StyleGuide;
				PRODUCT_NAME = "$(TARGET_NAME)";
				SWIFT_VERSION = 3.0;
			};
			name = Release;
		};
		0FBE5C5B1F52BDF9000D1A4B /* Debug */ = {
			isa = XCBuildConfiguration;
			baseConfigurationReference = E82CE3A21BAE76C24C101CC3 /* Pods-StyleGuideTests.debug.xcconfig */;
			buildSettings = {
				ALWAYS_EMBED_SWIFT_STANDARD_LIBRARIES = YES;
				BUNDLE_LOADER = "$(TEST_HOST)";
				INFOPLIST_FILE = StyleGuideTests/Info.plist;
				LD_RUNPATH_SEARCH_PATHS = "$(inherited) @executable_path/Frameworks @loader_path/Frameworks";
				PRODUCT_BUNDLE_IDENTIFIER = com.yourcompany.StyleGuideTests;
				PRODUCT_NAME = "$(TARGET_NAME)";
				SWIFT_VERSION = 3.0;
				TEST_HOST = "$(BUILT_PRODUCTS_DIR)/StyleGuide.app/StyleGuide";
			};
			name = Debug;
		};
		0FBE5C5C1F52BDF9000D1A4B /* Release */ = {
			isa = XCBuildConfiguration;
			baseConfigurationReference = 78A88A274981E662CB25476C /* Pods-StyleGuideTests.release.xcconfig */;
			buildSettings = {
				ALWAYS_EMBED_SWIFT_STANDARD_LIBRARIES = YES;
				BUNDLE_LOADER = "$(TEST_HOST)";
				INFOPLIST_FILE = StyleGuideTests/Info.plist;
				LD_RUNPATH_SEARCH_PATHS = "$(inherited) @executable_path/Frameworks @loader_path/Frameworks";
				PRODUCT_BUNDLE_IDENTIFIER = com.yourcompany.StyleGuideTests;
				PRODUCT_NAME = "$(TARGET_NAME)";
				SWIFT_VERSION = 3.0;
				TEST_HOST = "$(BUILT_PRODUCTS_DIR)/StyleGuide.app/StyleGuide";
			};
			name = Release;
		};
		0FBE5C5E1F52BDF9000D1A4B /* Debug */ = {
			isa = XCBuildConfiguration;
			baseConfigurationReference = 587EDD7D027FFF352189FE45 /* Pods-StyleGuideUITests.debug.xcconfig */;
			buildSettings = {
				ALWAYS_EMBED_SWIFT_STANDARD_LIBRARIES = YES;
				INFOPLIST_FILE = StyleGuideUITests/Info.plist;
				LD_RUNPATH_SEARCH_PATHS = "$(inherited) @executable_path/Frameworks @loader_path/Frameworks";
				PRODUCT_BUNDLE_IDENTIFIER = com.yourcompany.StyleGuideUITests;
				PRODUCT_NAME = "$(TARGET_NAME)";
				SWIFT_VERSION = 3.0;
				TEST_TARGET_NAME = StyleGuide;
			};
			name = Debug;
		};
		0FBE5C5F1F52BDF9000D1A4B /* Release */ = {
			isa = XCBuildConfiguration;
			baseConfigurationReference = 575D3D1169F993B3BB24CA30 /* Pods-StyleGuideUITests.release.xcconfig */;
			buildSettings = {
				ALWAYS_EMBED_SWIFT_STANDARD_LIBRARIES = YES;
				INFOPLIST_FILE = StyleGuideUITests/Info.plist;
				LD_RUNPATH_SEARCH_PATHS = "$(inherited) @executable_path/Frameworks @loader_path/Frameworks";
				PRODUCT_BUNDLE_IDENTIFIER = com.yourcompany.StyleGuideUITests;
				PRODUCT_NAME = "$(TARGET_NAME)";
				SWIFT_VERSION = 3.0;
				TEST_TARGET_NAME = StyleGuide;
			};
			name = Release;
		};
/* End XCBuildConfiguration section */

/* Begin XCConfigurationList section */
		0FBE5C2A1F52BDF9000D1A4B /* Build configuration list for PBXProject "StyleGuide" */ = {
			isa = XCConfigurationList;
			buildConfigurations = (
				0FBE5C551F52BDF9000D1A4B /* Debug */,
				0FBE5C561F52BDF9000D1A4B /* Release */,
			);
			defaultConfigurationIsVisible = 0;
			defaultConfigurationName = Release;
		};
		0FBE5C571F52BDF9000D1A4B /* Build configuration list for PBXNativeTarget "StyleGuide" */ = {
			isa = XCConfigurationList;
			buildConfigurations = (
				0FBE5C581F52BDF9000D1A4B /* Debug */,
				0FBE5C591F52BDF9000D1A4B /* Release */,
			);
			defaultConfigurationIsVisible = 0;
			defaultConfigurationName = Release;
		};
		0FBE5C5A1F52BDF9000D1A4B /* Build configuration list for PBXNativeTarget "StyleGuideTests" */ = {
			isa = XCConfigurationList;
			buildConfigurations = (
				0FBE5C5B1F52BDF9000D1A4B /* Debug */,
				0FBE5C5C1F52BDF9000D1A4B /* Release */,
			);
			defaultConfigurationIsVisible = 0;
			defaultConfigurationName = Release;
		};
		0FBE5C5D1F52BDF9000D1A4B /* Build configuration list for PBXNativeTarget "StyleGuideUITests" */ = {
			isa = XCConfigurationList;
			buildConfigurations = (
				0FBE5C5E1F52BDF9000D1A4B /* Debug */,
				0FBE5C5F1F52BDF9000D1A4B /* Release */,
			);
			defaultConfigurationIsVisible = 0;
			defaultConfigurationName = Release;
		};
/* End XCConfigurationList section */
	};
	rootObject = 0FBE5C271F52BDF9000D1A4B /* Project object */;
}
